{
  "requires": true,
  "lockfileVersion": 1,
  "dependencies": {
    "@polymer/iron-flex-layout": {
      "version": "3.0.0-pre.21",
      "resolved": "https://registry.npmjs.org/@polymer/iron-flex-layout/-/iron-flex-layout-3.0.0-pre.21.tgz",
      "integrity": "sha512-/GFBWLBhpzycXmdyS+rzQxCa/ssCX5ZGEa0M/oMRsUK/hUKrj/XBNNYZ3BlyHf2NHELNqnwZLcIZB5EPjA0uwg==",
      "requires": {
        "@polymer/polymer": "3.0.5"
      }
    },
    "@polymer/iron-icon": {
      "version": "3.0.0-pre.21",
      "resolved": "https://registry.npmjs.org/@polymer/iron-icon/-/iron-icon-3.0.0-pre.21.tgz",
      "integrity": "sha512-B/6ncM/JiKYOCkYtIsgztZuMzmMWAR5POGQ0r7TU0RaBzKstqTvn6NfRHeNzYjsOwBMse/wA6/qvgvCRgx6kWw==",
      "requires": {
        "@polymer/iron-flex-layout": "3.0.0-pre.21",
        "@polymer/iron-meta": "3.0.0-pre.21",
        "@polymer/polymer": "3.0.5"
      }
    },
    "@polymer/iron-iconset-svg": {
      "version": "3.0.0-pre.21",
      "resolved": "https://registry.npmjs.org/@polymer/iron-iconset-svg/-/iron-iconset-svg-3.0.0-pre.21.tgz",
      "integrity": "sha512-YWdX3QROFHKsGds9wUDbD2u1hN6uG6oG4fEu/F16aHFQg9tu2oiSyRspGsOQlXJ28177Qc2rxQ1Kp8GdlzpMbw==",
      "requires": {
        "@polymer/iron-meta": "3.0.0-pre.21",
        "@polymer/polymer": "3.0.5"
      }
    },
    "@polymer/iron-meta": {
      "version": "3.0.0-pre.21",
      "resolved": "https://registry.npmjs.org/@polymer/iron-meta/-/iron-meta-3.0.0-pre.21.tgz",
      "integrity": "sha512-RR24zD2t4rSJyjisMo5Cfy200FFYrsmRDZSX8wk1JdaDHVWLgq9DM1aa7/B7WI7sEWkckzVZPBthRFVB+PmVwA==",
      "requires": {
        "@polymer/polymer": "3.0.5"
      }
    },
    "@polymer/polymer": {
      "version": "3.0.5",
      "resolved": "https://registry.npmjs.org/@polymer/polymer/-/polymer-3.0.5.tgz",
      "integrity": "sha512-Zbmhtr5vZ3NoHWwFYLKI4ff7yfE6DZopI8vaS7HvmUIuNqsv/EpEDXfNEYjqePQmkMX5LU9OIKV1eX/+9aveow==",
      "requires": {
        "@webcomponents/shadycss": "1.5.0"
      }
    },
    "@vaadin/vaadin-button": {
      "version": "2.1.0",
      "resolved": "https://registry.npmjs.org/@vaadin/vaadin-button/-/vaadin-button-2.1.0.tgz",
      "integrity": "sha512-NdMcUa02UViO02hCC8t1wH3ekaVgkxwkaW11+Mf9vlpQzzlFI/nDE4ueSdhfAY3iDGbDhbTVRPES8Sl9Xu4qgA==",
      "requires": {
        "@polymer/polymer": "3.0.5",
        "@vaadin/vaadin-control-state-mixin": "2.1.1",
        "@vaadin/vaadin-element-mixin": "2.1.1",
        "@vaadin/vaadin-lumo-styles": "1.1.1",
        "@vaadin/vaadin-material-styles": "1.1.1",
        "@vaadin/vaadin-themable-mixin": "1.2.1"
      },
      "dependencies": {
        "@vaadin/vaadin-element-mixin": {
          "version": "2.1.1",
          "resolved": "https://registry.npmjs.org/@vaadin/vaadin-element-mixin/-/vaadin-element-mixin-2.1.1.tgz",
          "integrity": "sha512-L5kTcdIenB9yYTWSgZnseLErmWl/aTw+z+zUHSxz8JNd352CzAFKZpnIOLwUHjYcxitMzQtpVWey0tiDY0xleg==",
          "requires": {
            "@polymer/polymer": "3.0.5",
            "@vaadin/vaadin-development-mode-detector": "2.0.0",
            "@vaadin/vaadin-usage-statistics": "2.0.1"
          }
        }
      }
    },
    "@vaadin/vaadin-control-state-mixin": {
      "version": "2.1.1",
      "resolved": "https://registry.npmjs.org/@vaadin/vaadin-control-state-mixin/-/vaadin-control-state-mixin-2.1.1.tgz",
      "integrity": "sha512-YYhDdEdnFQOAoLY4SVJB5eUZHGAw/YTIeEEql6lHLlENDYuJ7eaniNhL5mIuQTf/uqSauTl1c1S/IJl3D8zGPw==",
      "requires": {
        "@polymer/polymer": "3.0.5"
      }
    },
    "@vaadin/vaadin-development-mode-detector": {
      "version": "2.0.0",
      "resolved": "https://registry.npmjs.org/@vaadin/vaadin-development-mode-detector/-/vaadin-development-mode-detector-2.0.0.tgz",
      "integrity": "sha512-pzSaUqn+lJbTL2ZC6NCAfhyMymMYg2p4DzeUXdyInJISwSWmgh9RlRVpAGhi6MIUOKC7kGeKPAiB4vyWsEhzDg=="
    },
    "@vaadin/vaadin-element-mixin": {
      "version": "1.1.2",
      "resolved": "https://registry.npmjs.org/@vaadin/vaadin-element-mixin/-/vaadin-element-mixin-1.1.2.tgz",
      "integrity": "sha512-gsnX2/xZZG8HqD9rbEyyXSJRv0BrTYU0RocjtGzGfD86rZiKhmPML04gD+0Sg74d3TH9HzCSvzeMKnQ0Zog12g==",
      "requires": {
        "@polymer/polymer": "3.0.5",
        "@vaadin/vaadin-development-mode-detector": "1.1.0-beta1",
        "@vaadin/vaadin-usage-statistics": "1.1.0-beta1"
      },
      "dependencies": {
        "@vaadin/vaadin-development-mode-detector": {
          "version": "1.1.0-beta1",
          "resolved": "https://registry.npmjs.org/@vaadin/vaadin-development-mode-detector/-/vaadin-development-mode-detector-1.1.0-beta1.tgz",
          "integrity": "sha512-ZVTqTrc1zNnAe1yejnV+fREglqX/mO3brInMCtjmbbrDuQ6s/6xfkAUl3b7o/nppGnxZUS683hyuK1Ie05zuUg==",
          "requires": {
            "@polymer/polymer": "3.0.5"
          }
        },
        "@vaadin/vaadin-usage-statistics": {
          "version": "1.1.0-beta1",
          "resolved": "https://registry.npmjs.org/@vaadin/vaadin-usage-statistics/-/vaadin-usage-statistics-1.1.0-beta1.tgz",
          "integrity": "sha512-ribGDrQg6NI/Wf1JEZdNEEAb6oFdDJmuVoSSwoiBzvkUPr+qHn+3VaKUlan0kfdOHNeQPDllbIqSSeqfjz2EKw==",
          "requires": {
            "@polymer/polymer": "3.0.5"
          }
        }
      }
    },
    "@vaadin/vaadin-lumo-styles": {
      "version": "1.1.1",
      "resolved": "https://registry.npmjs.org/@vaadin/vaadin-lumo-styles/-/vaadin-lumo-styles-1.1.1.tgz",
      "integrity": "sha512-fE0i4jhK5EwlXt0rkjESdK1BzMkQhm0/eLQn5bmy3ydlLNp6XRRWImK6fGD5zywVkt84F9ysT/3hLodGGNSluQ==",
      "requires": {
        "@polymer/iron-icon": "3.0.0-pre.21",
        "@polymer/iron-iconset-svg": "3.0.0-pre.21",
        "@polymer/polymer": "3.0.5"
      }
    },
    "@vaadin/vaadin-material-styles": {
      "version": "1.1.1",
      "resolved": "https://registry.npmjs.org/@vaadin/vaadin-material-styles/-/vaadin-material-styles-1.1.1.tgz",
      "integrity": "sha512-4spyV24v9ow9lxarxRyM8SEJV21rn4iIghD+Udq9lDE8do802/6WykJZcm8eXjkd9S/eoNLWuXGpTR1SgeH+Jg=="
    },
    "@vaadin/vaadin-progress-bar": {
      "version": "1.1.0-beta2",
      "resolved": "https://registry.npmjs.org/@vaadin/vaadin-progress-bar/-/vaadin-progress-bar-1.1.0-beta2.tgz",
      "integrity": "sha512-EGEbr5+dvDrRXgM+CuhIJuIQexrWTY7rJKVMCNQro2BL2lEEHRFTMqXiBKCRiAfOsPuP28dHvCH0mehCei2Xrw==",
      "requires": {
        "@polymer/polymer": "3.0.5",
        "@vaadin/vaadin-element-mixin": "1.1.2",
        "@vaadin/vaadin-lumo-styles": "1.1.1",
        "@vaadin/vaadin-material-styles": "1.1.1",
        "@vaadin/vaadin-themable-mixin": "1.2.1"
      }
    },
    "@vaadin/vaadin-themable-mixin": {
      "version": "1.2.1",
      "resolved": "https://registry.npmjs.org/@vaadin/vaadin-themable-mixin/-/vaadin-themable-mixin-1.2.1.tgz",
      "integrity": "sha512-5mWCS/Xv2A2pFLtTSNcXl6VuUklihhXfm8JY5MzVaRRg4idYhRroDGIILGTa3NaMDWC9BaTWJgNa+g9rkMKMXQ==",
      "requires": {
        "@polymer/polymer": "3.0.5"
      }
    },
    "@vaadin/vaadin-upload": {
      "version": "4.2.0-beta2",
      "resolved": "https://registry.npmjs.org/@vaadin/vaadin-upload/-/vaadin-upload-4.2.0-beta2.tgz",
      "integrity": "sha512-LeUhRr42ZRNORVSo67IhiTb4GagfU+pw+UqeNhpRo3v423COiatn4z03PGwh55/W12fyE+DnE9rdQx24xk+pAQ==",
      "requires": {
        "@polymer/polymer": "3.0.5",
        "@vaadin/vaadin-button": "2.1.0",
        "@vaadin/vaadin-element-mixin": "1.1.2",
        "@vaadin/vaadin-lumo-styles": "1.1.1",
        "@vaadin/vaadin-material-styles": "1.1.1",
        "@vaadin/vaadin-progress-bar": "1.1.0-beta2",
        "@vaadin/vaadin-themable-mixin": "1.2.1"
      }
    },
    "@vaadin/vaadin-usage-statistics": {
      "version": "2.0.1",
      "resolved": "https://registry.npmjs.org/@vaadin/vaadin-usage-statistics/-/vaadin-usage-statistics-2.0.1.tgz",
      "integrity": "sha512-8CmbCXZo8Z343jQT3hMVIvdkjzK72r762/UyqjLD54ArjzadneoA+4U6mFGbnbHO7FZpDhc4BKZRb5KAt0ibGg==",
      "requires": {
        "@vaadin/vaadin-development-mode-detector": "2.0.0"
      }
    },
    "@webcomponents/shadycss": {
      "version": "1.5.0",
      "resolved": "https://registry.npmjs.org/@webcomponents/shadycss/-/shadycss-1.5.0.tgz",
      "integrity": "sha512-jNuC7alo3EfiqZPosCruJuMAaUI9qgiuGxFcFyPWjOpo4BP+vgC7hxpTzQYxbIWUgrqkn9lnfPup2hE9c/h/PQ=="
    }
  }
}
